
Microsoft Visual Studio Solution File, Format Version 12.00
# Visual Studio Express 2012 for Windows Desktop
Project("{FAE04EC0-301F-11D3-BF4B-00C04F79EFBC}") = "addperson", "addperson\addperson.csproj", "{CF3F755D-5CD1-4547-B34C-520459B4B211}"
EndProject
Global
	GlobalSection(SolutionConfigurationPlatforms) = preSolution
		Debug|Any CPU = Debug|Any CPU
		Release|Any CPU = Release|Any CPU
	EndGlobalSection
	GlobalSection(ProjectConfigurationPlatforms) = postSolution
		{CF3F755D-5CD1-4547-B34C-520459B4B211}.Debug|Any CPU.ActiveCfg = Debug|Any CPU
		{CF3F755D-5CD1-4547-B34C-520459B4B211}.Debug|Any CPU.Build.0 = Debug|Any CPU
		{CF3F755D-5CD1-4547-B34C-520459B4B211}.Release|Any CPU.ActiveCfg = Release|Any CPU
		{CF3F755D-5CD1-4547-B34C-520459B4B211}.Release|Any CPU.Build.0 = Release|Any CPU
	EndGlobalSection
	GlobalSection(SolutionProperties) = preSolution
		HideSolutionNode = FALSE
	EndGlobalSection
EndGlobal
